github.com/standards-lab/go-core v0.4.0 h1:2VmrMvyoGL7r3YnDjtu74vfkiZJW46AuZ693cPpNPP4=
github.com/standards-lab/go-core v0.4.0/go.mod h1:Yl/R+gM9YWczsePBCKXdPGh3FSdZ/5i8SapLIh3BDHU=
github.com/standards-lab/go-web-sdk v0.7.0 h1:lcT2ilCVWLH0pGDnzbLAaU81wJZ6OssRk/xyxiWO4zA=
github.com/standards-lab/go-web-sdk v0.7.0/go.mod h1:VFuvBXB2W+5RIoIXK3djgGvcPQapjg2Mzq8gJMftuv4=
