github.com/standards-lab/go-core v0.5.0 h1:ZWe5o92DIICVH43B5TNXTfyG5H/O6Vs9CsBUUTS8whI=
github.com/standards-lab/go-core v0.5.0/go.mod h1:Yl/R+gM9YWczsePBCKXdPGh3FSdZ/5i8SapLIh3BDHU=
github.com/standards-lab/go-web-sdk v0.14.0 h1:MB9ZxCbihOi64da0n1GDfVRgsgaoMA+4dktAfWz3wx4=
github.com/standards-lab/go-web-sdk v0.14.0/go.mod h1:5vBlt5szeqrejedHJGxjAh0Nb5wouMlTJ7OS64sylu4=
